
Microsoft Visual Studio Solution File, Format Version 12.00
# Visual Studio 15
VisualStudioVersion = 15.0.27130.2020
MinimumVisualStudioVersion = 10.0.40219.1
Project("{FAE04EC0-301F-11D3-BF4B-00C04F79EFBC}") = "Wholesome_TBC_AIO_Fightclasses", "AIO\Wholesome_TBC_AIO_Fightclasses.csproj", "{3E1285D5-CB6B-4AB7-8C98-F909D4F1BA64}"
EndProject
Global
	GlobalSection(SolutionConfigurationPlatforms) = preSolution
		Debug|Any CPU = Debug|Any CPU
		Release|Any CPU = Release|Any CPU
	EndGlobalSection
	GlobalSection(ProjectConfigurationPlatforms) = postSolution
		{3E1285D5-CB6B-4AB7-8C98-F909D4F1BA64}.Debug|Any CPU.ActiveCfg = Debug|Any CPU
		{3E1285D5-CB6B-4AB7-8C98-F909D4F1BA64}.Debug|Any CPU.Build.0 = Debug|Any CPU
		{3E1285D5-CB6B-4AB7-8C98-F909D4F1BA64}.Release|Any CPU.ActiveCfg = Release|Any CPU
		{3E1285D5-CB6B-4AB7-8C98-F909D4F1BA64}.Release|Any CPU.Build.0 = Release|Any CPU
	EndGlobalSection
	GlobalSection(SolutionProperties) = preSolution
		HideSolutionNode = FALSE
	EndGlobalSection
	GlobalSection(ExtensibilityGlobals) = postSolution
		SolutionGuid = {5021DB2D-B6EA-4198-9B3A-BA74345C85D3}
	EndGlobalSection
EndGlobal
